// !$*UTF8*$!
{
	archiveVersion = 1;
	classes = {
	};
	objectVersion = 48;
	objects = {

/* Begin PBXBuildFile section */
		A2F693971FFE776A002F6923 /* AppDelegate.m in Sources */ = {isa = PBXBuildFile; fileRef = A2F693961FFE776A002F6923 /* AppDelegate.m */; };
		A2F6939F1FFE776A002F6923 /* Assets.xcassets in Resources */ = {isa = PBXBuildFile; fileRef = A2F6939E1FFE776A002F6923 /* Assets.xcassets */; };
		A2F693A21FFE776A002F6923 /* LaunchScreen.storyboard in Resources */ = {isa = PBXBuildFile; fileRef = A2F693A01FFE776A002F6923 /* LaunchScreen.storyboard */; };
		A2F693A51FFE776A002F6923 /* main.m in Sources */ = {isa = PBXBuildFile; fileRef = A2F693A41FFE776A002F6923 /* main.m */; };
		A2F693B01FFE77FB002F6923 /* ZKLDrawerController.m in Sources */ = {isa = PBXBuildFile; fileRef = A2F693AE1FFE77FB002F6923 /* ZKLDrawerController.m */; };
		A2F693B51FFE7822002F6923 /* ZKLCenterController.m in Sources */ = {isa = PBXBuildFile; fileRef = A2F693B31FFE7822002F6923 /* ZKLCenterController.m */; };
		A2F693B61FFE7822002F6923 /* ZKLLeftController.m in Sources */ = {isa = PBXBuildFile; fileRef = A2F693B41FFE7822002F6923 /* ZKLLeftController.m */; };
/* End PBXBuildFile section */

/* Begin PBXFileReference section */
		A2F693921FFE776A002F6923 /* ZKLDrawerController.app */ = {isa = PBXFileReference; explicitFileType = wrapper.application; includeInIndex = 0; path = ZKLDrawerController.app; sourceTree = BUILT_PRODUCTS_DIR; };
		A2F693951FFE776A002F6923 /* AppDelegate.h */ = {isa = PBXFileReference; lastKnownFileType = sourcecode.c.h; path = AppDelegate.h; sourceTree = "<group>"; };
		A2F693961FFE776A002F6923 /* AppDelegate.m */ = {isa = PBXFileReference; lastKnownFileType = sourcecode.c.objc; path = AppDelegate.m; sourceTree = "<group>"; };
		A2F6939E1FFE776A002F6923 /* Assets.xcassets */ = {isa = PBXFileReference; lastKnownFileType = folder.assetcatalog; path = Assets.xcassets; sourceTree = "<group>"; };
		A2F693A11FFE776A002F6923 /* Base */ = {isa = PBXFileReference; lastKnownFileType = file.storyboard; name = Base; path = Base.lproj/LaunchScreen.storyboard; sourceTree = "<group>"; };
		A2F693A31FFE776A002F6923 /* Info.plist */ = {isa = PBXFileReference; lastKnownFileType = text.plist.xml; path = Info.plist; sourceTree = "<group>"; };
		A2F693A41FFE776A002F6923 /* main.m */ = {isa = PBXFileReference; lastKnownFileType = sourcecode.c.objc; path = main.m; sourceTree = "<group>"; };
		A2F693AE1FFE77FB002F6923 /* ZKLDrawerController.m */ = {isa = PBXFileReference; fileEncoding = 4; lastKnownFileType = sourcecode.c.objc; path = ZKLDrawerController.m; sourceTree = "<group>"; };
		A2F693AF1FFE77FB002F6923 /* ZKLDrawerController.h */ = {isa = PBXFileReference; fileEncoding = 4; lastKnownFileType = sourcecode.c.h; path = ZKLDrawerController.h; sourceTree = "<group>"; };
		A2F693B11FFE7822002F6923 /* ZKLCenterController.h */ = {isa = PBXFileReference; fileEncoding = 4; lastKnownFileType = sourcecode.c.h; path = ZKLCenterController.h; sourceTree = "<group>"; };
		A2F693B21FFE7822002F6923 /* ZKLLeftController.h */ = {isa = PBXFileReference; fileEncoding = 4; lastKnownFileType = sourcecode.c.h; path = ZKLLeftController.h; sourceTree = "<group>"; };
		A2F693B31FFE7822002F6923 /* ZKLCenterController.m */ = {isa = PBXFileReference; fileEncoding = 4; lastKnownFileType = sourcecode.c.objc; path = ZKLCenterController.m; sourceTree = "<group>"; };
		A2F693B41FFE7822002F6923 /* ZKLLeftController.m */ = {isa = PBXFileReference; fileEncoding = 4; lastKnownFileType = sourcecode.c.objc; path = ZKLLeftController.m; sourceTree = "<group>"; };
/* End PBXFileReference section */

/* Begin PBXFrameworksBuildPhase section */
		A2F6938F1FFE776A002F6923 /* Frameworks */ = {
			isa = PBXFrameworksBuildPhase;
			buildActionMask = 2147483647;
			files = (
			);
			runOnlyForDeploymentPostprocessing = 0;
		};
/* End PBXFrameworksBuildPhase section */

/* Begin PBXGroup section */
		A2F693891FFE7769002F6923 = {
			isa = PBXGroup;
			children = (
				A2F693941FFE776A002F6923 /* ZKLDrawerController */,
				A2F693931FFE776A002F6923 /* Products */,
			);
			sourceTree = "<group>";
		};
		A2F693931FFE776A002F6923 /* Products */ = {
			isa = PBXGroup;
			children = (
				A2F693921FFE776A002F6923 /* ZKLDrawerController.app */,
			);
			name = Products;
			sourceTree = "<group>";
		};
		A2F693941FFE776A002F6923 /* ZKLDrawerController */ = {
			isa = PBXGroup;
			children = (
				A2F693AD1FFE77D9002F6923 /* AppDelegate */,
				A2F693AC1FFE77CF002F6923 /* Drawer */,
				A2F693AB1FFE77B9002F6923 /* Supporting Files */,
				A2F693B11FFE7822002F6923 /* ZKLCenterController.h */,
				A2F693B31FFE7822002F6923 /* ZKLCenterController.m */,
				A2F693B21FFE7822002F6923 /* ZKLLeftController.h */,
				A2F693B41FFE7822002F6923 /* ZKLLeftController.m */,
			);
			path = ZKLDrawerController;
			sourceTree = "<group>";
		};
		A2F693AB1FFE77B9002F6923 /* Supporting Files */ = {
			isa = PBXGroup;
			children = (
				A2F6939E1FFE776A002F6923 /* Assets.xcassets */,
				A2F693A01FFE776A002F6923 /* LaunchScreen.storyboard */,
				A2F693A31FFE776A002F6923 /* Info.plist */,
				A2F693A41FFE776A002F6923 /* main.m */,
			);
			path = "Supporting Files";
			sourceTree = "<group>";
		};
		A2F693AC1FFE77CF002F6923 /* Drawer */ = {
			isa = PBXGroup;
			children = (
				A2F693AF1FFE77FB002F6923 /* ZKLDrawerController.h */,
				A2F693AE1FFE77FB002F6923 /* ZKLDrawerController.m */,
			);
			path = Drawer;
			sourceTree = "<group>";
		};
		A2F693AD1FFE77D9002F6923 /* AppDelegate */ = {
			isa = PBXGroup;
			children = (
				A2F693951FFE776A002F6923 /* AppDelegate.h */,
				A2F693961FFE776A002F6923 /* AppDelegate.m */,
			);
			path = AppDelegate;
			sourceTree = "<group>";
		};
/* End PBXGroup section */

/* Begin PBXNativeTarget section */
		A2F693911FFE776A002F6923 /* ZKLDrawerController */ = {
			isa = PBXNativeTarget;
			buildConfigurationList = A2F693A81FFE776A002F6923 /* Build configuration list for PBXNativeTarget "ZKLDrawerController" */;
			buildPhases = (
				A2F6938E1FFE776A002F6923 /* Sources */,
				A2F6938F1FFE776A002F6923 /* Frameworks */,
				A2F693901FFE776A002F6923 /* Resources */,
			);
			buildRules = (
			);
			dependencies = (
			);
			name = ZKLDrawerController;
			productName = ZKLDrawerController;
			productReference = A2F693921FFE776A002F6923 /* ZKLDrawerController.app */;
			productType = "com.apple.product-type.application";
		};
/* End PBXNativeTarget section */

/* Begin PBXProject section */
		A2F6938A1FFE7769002F6923 /* Project object */ = {
			isa = PBXProject;
			attributes = {
				LastUpgradeCheck = 0920;
				ORGANIZATIONNAME = zkl;
				TargetAttributes = {
					A2F693911FFE776A002F6923 = {
						CreatedOnToolsVersion = 9.2;
						ProvisioningStyle = Automatic;
					};
				};
			};
			buildConfigurationList = A2F6938D1FFE7769002F6923 /* Build configuration list for PBXProject "ZKLDrawerController" */;
			compatibilityVersion = "Xcode 8.0";
			developmentRegion = en;
			hasScannedForEncodings = 0;
			knownRegions = (
				en,
				Base,
			);
			mainGroup = A2F693891FFE7769002F6923;
			productRefGroup = A2F693931FFE776A002F6923 /* Products */;
			projectDirPath = "";
			projectRoot = "";
			targets = (
				A2F693911FFE776A002F6923 /* ZKLDrawerController */,
			);
		};
/* End PBXProject section */

/* Begin PBXResourcesBuildPhase section */
		A2F693901FFE776A002F6923 /* Resources */ = {
			isa = PBXResourcesBuildPhase;
			buildActionMask = 2147483647;
			files = (
				A2F693A21FFE776A002F6923 /* LaunchScreen.storyboard in Resources */,
				A2F6939F1FFE776A002F6923 /* Assets.xcassets in Resources */,
			);
			runOnlyForDeploymentPostprocessing = 0;
		};
/* End PBXResourcesBuildPhase section */

/* Begin PBXSourcesBuildPhase section */
		A2F6938E1FFE776A002F6923 /* Sources */ = {
			isa = PBXSourcesBuildPhase;
			buildActionMask = 2147483647;
			files = (
				A2F693A51FFE776A002F6923 /* main.m in Sources */,
				A2F693B61FFE7822002F6923 /* ZKLLeftController.m in Sources */,
				A2F693B01FFE77FB002F6923 /* ZKLDrawerController.m in Sources */,
				A2F693B51FFE7822002F6923 /* ZKLCenterController.m in Sources */,
				A2F693971FFE776A002F6923 /* AppDelegate.m in Sources */,
			);
			runOnlyForDeploymentPostprocessing = 0;
		};
/* End PBXSourcesBuildPhase section */

/* Begin PBXVariantGroup section */
		A2F693A01FFE776A002F6923 /* LaunchScreen.storyboard */ = {
			isa = PBXVariantGroup;
			children = (
				A2F693A11FFE776A002F6923 /* Base */,
			);
			name = LaunchScreen.storyboard;
			sourceTree = "<group>";
		};
/* End PBXVariantGroup section */

/* Begin XCBuildConfiguration section */
		A2F693A61FFE776A002F6923 /* Debug */ = {
			isa = XCBuildConfiguration;
			buildSettings = {
				ALWAYS_SEARCH_USER_PATHS = NO;
				CLANG_ANALYZER_NONNULL = YES;
				CLANG_ANALYZER_NUMBER_OBJECT_CONVERSION = YES_AGGRESSIVE;
				CLANG_CXX_LANGUAGE_STANDARD = "gnu++14";
				CLANG_CXX_LIBRARY = "libc++";
				CLANG_ENABLE_MODULES = YES;
				CLANG_ENABLE_OBJC_ARC = YES;
				CLANG_WARN_BLOCK_CAPTURE_AUTORELEASING = YES;
				CLANG_WARN_BOOL_CONVERSION = YES;
				CLANG_WARN_COMMA = YES;
				CLANG_WARN_CONSTANT_CONVERSION = YES;
				CLANG_WARN_DIRECT_OBJC_ISA_USAGE = YES_ERROR;
				CLANG_WARN_DOCUMENTATION_COMMENTS = YES;
				CLANG_WARN_EMPTY_BODY = YES;
				CLANG_WARN_ENUM_CONVERSION = YES;
				CLANG_WARN_INFINITE_RECURSION = YES;
				CLANG_WARN_INT_CONVERSION = YES;
				CLANG_WARN_NON_LITERAL_NULL_CONVERSION = YES;
				CLANG_WARN_OBJC_LITERAL_CONVERSION = YES;
				CLANG_WARN_OBJC_ROOT_CLASS = YES_ERROR;
				CLANG_WARN_RANGE_LOOP_ANALYSIS = YES;
				CLANG_WARN_STRICT_PROTOTYPES = YES;
				CLANG_WARN_SUSPICIOUS_MOVE = YES;
				CLANG_WARN_UNGUARDED_AVAILABILITY = YES_AGGRESSIVE;
				CLANG_WARN_UNREACHABLE_CODE = YES;
				CLANG_WARN__DUPLICATE_METHOD_MATCH = YES;
				CODE_SIGN_IDENTITY = "iPhone Developer";
				COPY_PHASE_STRIP = NO;
				DEBUG_INFORMATION_FORMAT = dwarf;
				ENABLE_STRICT_OBJC_MSGSEND = YES;
				ENABLE_TESTABILITY = YES;
				GCC_C_LANGUAGE_STANDARD = gnu11;
				GCC_DYNAMIC_NO_PIC = NO;
				GCC_NO_COMMON_BLOCKS = YES;
				GCC_OPTIMIZATION_LEVEL = 0;
				GCC_PREPROCESSOR_DEFINITIONS = (
					"DEBUG=1",
					"$(inherited)",
				);
				GCC_WARN_64_TO_32_BIT_CONVERSION = YES;
				GCC_WARN_ABOUT_RETURN_TYPE = YES_ERROR;
				GCC_WARN_UNDECLARED_SELECTOR = YES;
				GCC_WARN_UNINITIALIZED_AUTOS = YES_AGGRESSIVE;
				GCC_WARN_UNUSED_FUNCTION = YES;
				GCC_WARN_UNUSED_VARIABLE = YES;
				IPHONEOS_DEPLOYMENT_TARGET = 11.2;
				MTL_ENABLE_DEBUG_INFO = YES;
				ONLY_ACTIVE_ARCH = YES;
				SDKROOT = iphoneos;
			};
			name = Debug;
		};
		A2F693A71FFE776A002F6923 /* Release */ = {
			isa = XCBuildConfiguration;
			buildSettings = {
				ALWAYS_SEARCH_USER_PATHS = NO;
				CLANG_ANALYZER_NONNULL = YES;
				CLANG_ANALYZER_NUMBER_OBJECT_CONVERSION = YES_AGGRESSIVE;
				CLANG_CXX_LANGUAGE_STANDARD = "gnu++14";
				CLANG_CXX_LIBRARY = "libc++";
				CLANG_ENABLE_MODULES = YES;
				CLANG_ENABLE_OBJC_ARC = YES;
				CLANG_WARN_BLOCK_CAPTURE_AUTORELEASING = YES;
				CLANG_WARN_BOOL_CONVERSION = YES;
				CLANG_WARN_COMMA = YES;
				CLANG_WARN_CONSTANT_CONVERSION = YES;
				CLANG_WARN_DIRECT_OBJC_ISA_USAGE = YES_ERROR;
				CLANG_WARN_DOCUMENTATION_COMMENTS = YES;
				CLANG_WARN_EMPTY_BODY = YES;
				CLANG_WARN_ENUM_CONVERSION = YES;
				CLANG_WARN_INFINITE_RECURSION = YES;
				CLANG_WARN_INT_CONVERSION = YES;
				CLANG_WARN_NON_LITERAL_NULL_CONVERSION = YES;
				CLANG_WARN_OBJC_LITERAL_CONVERSION = YES;
				CLANG_WARN_OBJC_ROOT_CLASS = YES_ERROR;
				CLANG_WARN_RANGE_LOOP_ANALYSIS = YES;
				CLANG_WARN_STRICT_PROTOTYPES = YES;
				CLANG_WARN_SUSPICIOUS_MOVE = YES;
				CLANG_WARN_UNGUARDED_AVAILABILITY = YES_AGGRESSIVE;
				CLANG_WARN_UNREACHABLE_CODE = YES;
				CLANG_WARN__DUPLICATE_METHOD_MATCH = YES;
				CODE_SIGN_IDENTITY = "iPhone Developer";
				COPY_PHASE_STRIP = NO;
				DEBUG_INFORMATION_FORMAT = "dwarf-with-dsym";
				ENABLE_NS_ASSERTIONS = NO;
				ENABLE_STRICT_OBJC_MSGSEND = YES;
				GCC_C_LANGUAGE_STANDARD = gnu11;
				GCC_NO_COMMON_BLOCKS = YES;
				GCC_WARN_64_TO_32_BIT_CONVERSION = YES;
				GCC_WARN_ABOUT_RETURN_TYPE = YES_ERROR;
				GCC_WARN_UNDECLARED_SELECTOR = YES;
				GCC_WARN_UNINITIALIZED_AUTOS = YES_AGGRESSIVE;
				GCC_WARN_UNUSED_FUNCTION = YES;
				GCC_WARN_UNUSED_VARIABLE = YES;
				IPHONEOS_DEPLOYMENT_TARGET = 11.2;
				MTL_ENABLE_DEBUG_INFO = NO;
				SDKROOT = iphoneos;
				VALIDATE_PRODUCT = YES;
			};
			name = Release;
		};
		A2F693A91FFE776A002F6923 /* Debug */ = {
			isa = XCBuildConfiguration;
			buildSettings = {
				ASSETCATALOG_COMPILER_APPICON_NAME = AppIcon;
				CODE_SIGN_STYLE = Automatic;
				INFOPLIST_FILE = "ZKLDrawerController/Supporting Files/Info.plist";
				LD_RUNPATH_SEARCH_PATHS = "$(inherited) @executable_path/Frameworks";
				PRODUCT_BUNDLE_IDENTIFIER = com.zkl.ZKLDrawerController;
				PRODUCT_NAME = "$(TARGET_NAME)";
				TARGETED_DEVICE_FAMILY = "1,2";
			};
			name = Debug;
		};
		A2F693AA1FFE776A002F6923 /* Release */ = {
			isa = XCBuildConfiguration;
			buildSettings = {
				ASSETCATALOG_COMPILER_APPICON_NAME = AppIcon;
				CODE_SIGN_STYLE = Automatic;
				INFOPLIST_FILE = "ZKLDrawerController/Supporting Files/Info.plist";
				LD_RUNPATH_SEARCH_PATHS = "$(inherited) @executable_path/Frameworks";
				PRODUCT_BUNDLE_IDENTIFIER = com.zkl.ZKLDrawerController;
				PRODUCT_NAME = "$(TARGET_NAME)";
				TARGETED_DEVICE_FAMILY = "1,2";
			};
			name = Release;
		};
/* End XCBuildConfiguration section */

/* Begin XCConfigurationList section */
		A2F6938D1FFE7769002F6923 /* Build configuration list for PBXProject "ZKLDrawerController" */ = {
			isa = XCConfigurationList;
			buildConfigurations = (
				A2F693A61FFE776A002F6923 /* Debug */,
				A2F693A71FFE776A002F6923 /* Release */,
			);
			defaultConfigurationIsVisible = 0;
			defaultConfigurationName = Release;
		};
		A2F693A81FFE776A002F6923 /* Build configuration list for PBXNativeTarget "ZKLDrawerController" */ = {
			isa = XCConfigurationList;
			buildConfigurations = (
				A2F693A91FFE776A002F6923 /* Debug */,
				A2F693AA1FFE776A002F6923 /* Release */,
			);
			defaultConfigurationIsVisible = 0;
			defaultConfigurationName = Release;
		};
/* End XCConfigurationList section */
	};
	rootObject = A2F6938A1FFE7769002F6923 /* Project object */;
}
